
Microsoft Visual Studio Solution File, Format Version 12.00
# Visual Studio Version 17
VisualStudioVersion = 17.14.37216.2 d17.14
MinimumVisualStudioVersion = 10.0.40219.1
Project("{FAE04EC0-301F-11D3-BF4B-00C04F79EFBC}") = "Punto2", "Punto2\Punto2.csproj", "{C24B167A-97C5-4791-A336-6EE6617654F1}"
EndProject
Global
	GlobalSection(SolutionConfigurationPlatforms) = preSolution
		Debug|Any CPU = Debug|Any CPU
		Release|Any CPU = Release|Any CPU
	EndGlobalSection
	GlobalSection(ProjectConfigurationPlatforms) = postSolution
		{C24B167A-97C5-4791-A336-6EE6617654F1}.Debug|Any CPU.ActiveCfg = Debug|Any CPU
		{C24B167A-97C5-4791-A336-6EE6617654F1}.Debug|Any CPU.Build.0 = Debug|Any CPU
		{C24B167A-97C5-4791-A336-6EE6617654F1}.Release|Any CPU.ActiveCfg = Release|Any CPU
		{C24B167A-97C5-4791-A336-6EE6617654F1}.Release|Any CPU.Build.0 = Release|Any CPU
	EndGlobalSection
	GlobalSection(SolutionProperties) = preSolution
		HideSolutionNode = FALSE
	EndGlobalSection
	GlobalSection(ExtensibilityGlobals) = postSolution
		SolutionGuid = {669CCD5B-52C2-4FE4-B121-7EFA92F374C9}
	EndGlobalSection
EndGlobal
