
Microsoft Visual Studio Solution File, Format Version 12.00
# Visual Studio Version 17
VisualStudioVersion = 17.14.37203.1 d17.14
MinimumVisualStudioVersion = 10.0.40219.1
Project("{FAE04EC0-301F-11D3-BF4B-00C04F79EFBC}") = "EJ6-Resuelto", "EJ6-Resuelto\EJ6-Resuelto.csproj", "{8D21842A-89CF-476C-8F99-B5ADB70AAC19}"
EndProject
Global
	GlobalSection(SolutionConfigurationPlatforms) = preSolution
		Debug|Any CPU = Debug|Any CPU
		Release|Any CPU = Release|Any CPU
	EndGlobalSection
	GlobalSection(ProjectConfigurationPlatforms) = postSolution
		{8D21842A-89CF-476C-8F99-B5ADB70AAC19}.Debug|Any CPU.ActiveCfg = Debug|Any CPU
		{8D21842A-89CF-476C-8F99-B5ADB70AAC19}.Debug|Any CPU.Build.0 = Debug|Any CPU
		{8D21842A-89CF-476C-8F99-B5ADB70AAC19}.Release|Any CPU.ActiveCfg = Release|Any CPU
		{8D21842A-89CF-476C-8F99-B5ADB70AAC19}.Release|Any CPU.Build.0 = Release|Any CPU
	EndGlobalSection
	GlobalSection(SolutionProperties) = preSolution
		HideSolutionNode = FALSE
	EndGlobalSection
	GlobalSection(ExtensibilityGlobals) = postSolution
		SolutionGuid = {4BC0AD8E-5F43-40B6-8F0E-72BDEC618DF6}
	EndGlobalSection
EndGlobal
