<Solution>
  <Project Path="Ejercicio 1/Ejercicio 1.csproj" Id="c743141e-5762-46ba-91a1-e099b63aaf98" />
  <Project Path="Ejercicio 10/Ejercicio 10.csproj" Id="27173a09-8325-4dd8-ac60-3eff80384438" />
  <Project Path="Ejercicio 2/Ejercicio 2.csproj" Id="492272c1-8caf-4f49-8847-71abddfe3134" />
  <Project Path="Ejercicio 3/Ejercicio 3.csproj" Id="f5a86752-718f-481b-8d1e-8a775b5cc916" />
  <Project Path="Ejercicio 4/Ejercicio 4.csproj" Id="0d37f602-2e02-4d03-a04b-5c4a1b2fdb5c" />
  <Project Path="Ejercicio 5/Ejercicio 5.csproj" Id="e322ee55-cbf8-4631-8ea3-0e07aaa12409" />
  <Project Path="Ejercicio 6/Ejercicio 6.csproj" Id="2c701992-3473-4092-8644-fd7576444cd0" />
  <Project Path="Ejercicio 7/Ejercicio 7.csproj" Id="2903e013-db55-4054-af49-58474eedc9c9" />
  <Project Path="Ejercicio 8/Ejercicio 8.csproj" Id="1fcbe040-ad6a-49d5-85e8-f610883b049d" />
  <Project Path="Ejercicio 9/Ejercicio 9.csproj" Id="09f6c3eb-89c3-41b0-b410-8f158722213a" />
</Solution>
