
Microsoft Visual Studio Solution File, Format Version 12.00
# Visual Studio Version 17
VisualStudioVersion = 17.14.37516.0
MinimumVisualStudioVersion = 10.0.40219.1
Project("{FAE04EC0-301F-11D3-BF4B-00C04F79EFBC}") = "Ejercicio 1", "SofíaGonzález_TP2\Ejercicio 1.csproj", "{F3829703-2D79-41DA-82FF-DD275FB9E2C7}"
EndProject
Global
	GlobalSection(SolutionConfigurationPlatforms) = preSolution
		Debug|Any CPU = Debug|Any CPU
		Release|Any CPU = Release|Any CPU
	EndGlobalSection
	GlobalSection(ProjectConfigurationPlatforms) = postSolution
		{F3829703-2D79-41DA-82FF-DD275FB9E2C7}.Debug|Any CPU.ActiveCfg = Debug|Any CPU
		{F3829703-2D79-41DA-82FF-DD275FB9E2C7}.Debug|Any CPU.Build.0 = Debug|Any CPU
		{F3829703-2D79-41DA-82FF-DD275FB9E2C7}.Release|Any CPU.ActiveCfg = Release|Any CPU
		{F3829703-2D79-41DA-82FF-DD275FB9E2C7}.Release|Any CPU.Build.0 = Release|Any CPU
	EndGlobalSection
	GlobalSection(SolutionProperties) = preSolution
		HideSolutionNode = FALSE
	EndGlobalSection
	GlobalSection(ExtensibilityGlobals) = postSolution
		SolutionGuid = {B2F8C83A-CA9C-4186-A333-4FF337CC5D6C}
	EndGlobalSection
EndGlobal
