
Microsoft Visual Studio Solution File, Format Version 12.00
# Visual Studio Version 17
VisualStudioVersion = 17.14.37216.2 d17.14
MinimumVisualStudioVersion = 10.0.40219.1
Project("{FAE04EC0-301F-11D3-BF4B-00C04F79EFBC}") = "Punto9", "Punto9\Punto9.csproj", "{075EBB54-A054-40AA-8217-CBFD9313BB03}"
EndProject
Global
	GlobalSection(SolutionConfigurationPlatforms) = preSolution
		Debug|Any CPU = Debug|Any CPU
		Release|Any CPU = Release|Any CPU
	EndGlobalSection
	GlobalSection(ProjectConfigurationPlatforms) = postSolution
		{075EBB54-A054-40AA-8217-CBFD9313BB03}.Debug|Any CPU.ActiveCfg = Debug|Any CPU
		{075EBB54-A054-40AA-8217-CBFD9313BB03}.Debug|Any CPU.Build.0 = Debug|Any CPU
		{075EBB54-A054-40AA-8217-CBFD9313BB03}.Release|Any CPU.ActiveCfg = Release|Any CPU
		{075EBB54-A054-40AA-8217-CBFD9313BB03}.Release|Any CPU.Build.0 = Release|Any CPU
	EndGlobalSection
	GlobalSection(SolutionProperties) = preSolution
		HideSolutionNode = FALSE
	EndGlobalSection
	GlobalSection(ExtensibilityGlobals) = postSolution
		SolutionGuid = {3ADA0A12-9774-49C3-A526-6E73A528CCAC}
	EndGlobalSection
EndGlobal
