
Microsoft Visual Studio Solution File, Format Version 12.00
# Visual Studio Version 17
VisualStudioVersion = 17.14.37203.1 d17.14
MinimumVisualStudioVersion = 10.0.40219.1
Project("{FAE04EC0-301F-11D3-BF4B-00C04F79EFBC}") = "ej8", "ej8\ej8.csproj", "{19F95A9B-0A1E-4B50-A8D7-2CA07767FFD0}"
EndProject
Global
	GlobalSection(SolutionConfigurationPlatforms) = preSolution
		Debug|Any CPU = Debug|Any CPU
		Release|Any CPU = Release|Any CPU
	EndGlobalSection
	GlobalSection(ProjectConfigurationPlatforms) = postSolution
		{19F95A9B-0A1E-4B50-A8D7-2CA07767FFD0}.Debug|Any CPU.ActiveCfg = Debug|Any CPU
		{19F95A9B-0A1E-4B50-A8D7-2CA07767FFD0}.Debug|Any CPU.Build.0 = Debug|Any CPU
		{19F95A9B-0A1E-4B50-A8D7-2CA07767FFD0}.Release|Any CPU.ActiveCfg = Release|Any CPU
		{19F95A9B-0A1E-4B50-A8D7-2CA07767FFD0}.Release|Any CPU.Build.0 = Release|Any CPU
	EndGlobalSection
	GlobalSection(SolutionProperties) = preSolution
		HideSolutionNode = FALSE
	EndGlobalSection
	GlobalSection(ExtensibilityGlobals) = postSolution
		SolutionGuid = {FA74F75B-49CE-4E27-B311-E528AEAD97DE}
	EndGlobalSection
EndGlobal
